
Microsoft Visual Studio Solution File, Format Version 12.00
# Visual Studio Version 16
VisualStudioVersion = 16.0.33529.622
MinimumVisualStudioVersion = 10.0.40219.1
Project("{FAE04EC0-301F-11D3-BF4B-00C04F79EFBC}") = "DepthCrawlerGame", "DepthCrawlerGame.csproj", "{413E8C34-9EF8-428B-BF91-AA88F71EC79C}"
EndProject
Global
	GlobalSection(SolutionConfigurationPlatforms) = preSolution
		Debug|Any CPU = Debug|Any CPU
		Release|Any CPU = Release|Any CPU
	EndGlobalSection
	GlobalSection(ProjectConfigurationPlatforms) = postSolution
		{413E8C34-9EF8-428B-BF91-AA88F71EC79C}.Debug|Any CPU.ActiveCfg = Debug|Any CPU
		{413E8C34-9EF8-428B-BF91-AA88F71EC79C}.Debug|Any CPU.Build.0 = Debug|Any CPU
		{413E8C34-9EF8-428B-BF91-AA88F71EC79C}.Release|Any CPU.ActiveCfg = Release|Any CPU
		{413E8C34-9EF8-428B-BF91-AA88F71EC79C}.Release|Any CPU.Build.0 = Release|Any CPU
	EndGlobalSection
	GlobalSection(SolutionProperties) = preSolution
		HideSolutionNode = FALSE
	EndGlobalSection
	GlobalSection(ExtensibilityGlobals) = postSolution
		SolutionGuid = {4176D07B-8BFF-46BC-8F82-D88688023876}
	EndGlobalSection
EndGlobal
